
Microsoft Visual Studio Solution File, Format Version 12.00
# Visual Studio Version 17
VisualStudioVersion = 17.3.32811.315
MinimumVisualStudioVersion = 10.0.40219.1
Project("{8BC9CEB8-8B4A-11D0-8D11-00A0C91BC942}") = "AdventOfCode2021", "AdventOfCode2021.vcxproj", "{908AE731-CF3A-424F-8855-55DA4FAC4137}"
EndProject
Global
	GlobalSection(SolutionConfigurationPlatforms) = preSolution
		Debug|x64 = Debug|x64
		Debug|x86 = Debug|x86
		Release|x64 = Release|x64
		Release|x86 = Release|x86
	EndGlobalSection
	GlobalSection(ProjectConfigurationPlatforms) = postSolution
		{908AE731-CF3A-424F-8855-55DA4FAC4137}.Debug|x64.ActiveCfg = Debug|x64
		{908AE731-CF3A-424F-8855-55DA4FAC4137}.Debug|x64.Build.0 = Debug|x64
		{908AE731-CF3A-424F-8855-55DA4FAC4137}.Debug|x86.ActiveCfg = Debug|Win32
		{908AE731-CF3A-424F-8855-55DA4FAC4137}.Debug|x86.Build.0 = Debug|Win32
		{908AE731-CF3A-424F-8855-55DA4FAC4137}.Release|x64.ActiveCfg = Release|x64
		{908AE731-CF3A-424F-8855-55DA4FAC4137}.Release|x64.Build.0 = Release|x64
		{908AE731-CF3A-424F-8855-55DA4FAC4137}.Release|x86.ActiveCfg = Release|Win32
		{908AE731-CF3A-424F-8855-55DA4FAC4137}.Release|x86.Build.0 = Release|Win32
	EndGlobalSection
	GlobalSection(SolutionProperties) = preSolution
		HideSolutionNode = FALSE
	EndGlobalSection
	GlobalSection(ExtensibilityGlobals) = postSolution
		SolutionGuid = {1D4D079A-8BCA-43DC-B403-E50B0B50C4CB}
	EndGlobalSection
EndGlobal
